
Microsoft Visual Studio Solution File, Format Version 12.00
# Visual Studio Version 17
VisualStudioVersion = 17.3.32929.385
MinimumVisualStudioVersion = 10.0.40219.1
Project("{FAE04EC0-301F-11D3-BF4B-00C04F79EFBC}") = "Labirintus", "Labirintus\Labirintus.csproj", "{1307684D-3960-4EDE-B77D-D68E6128308A}"
EndProject
Global
	GlobalSection(SolutionConfigurationPlatforms) = preSolution
		Debug|Any CPU = Debug|Any CPU
		Release|Any CPU = Release|Any CPU
	EndGlobalSection
	GlobalSection(ProjectConfigurationPlatforms) = postSolution
		{1307684D-3960-4EDE-B77D-D68E6128308A}.Debug|Any CPU.ActiveCfg = Debug|Any CPU
		{1307684D-3960-4EDE-B77D-D68E6128308A}.Debug|Any CPU.Build.0 = Debug|Any CPU
		{1307684D-3960-4EDE-B77D-D68E6128308A}.Release|Any CPU.ActiveCfg = Release|Any CPU
		{1307684D-3960-4EDE-B77D-D68E6128308A}.Release|Any CPU.Build.0 = Release|Any CPU
	EndGlobalSection
	GlobalSection(SolutionProperties) = preSolution
		HideSolutionNode = FALSE
	EndGlobalSection
	GlobalSection(ExtensibilityGlobals) = postSolution
		SolutionGuid = {37E1C254-1D3A-44D9-B991-4C868A75F2DB}
	EndGlobalSection
EndGlobal
